
Microsoft Visual Studio Solution File, Format Version 12.00
Project("{FAE04EC0-301F-11D3-BF4B-00C04F79EFBC}") = "API", "API\API.csproj", "{ADB96C2B-7F64-4059-8DC9-C53B173FBCDE}"
EndProject
Project("{FAE04EC0-301F-11D3-BF4B-00C04F79EFBC}") = "Tasks", "Tasks\Tasks.csproj", "{6A9A5C72-8694-4E11-B164-59DD06539C11}"
EndProject
Global
	GlobalSection(SolutionConfigurationPlatforms) = preSolution
		Debug|Any CPU = Debug|Any CPU
		Release|Any CPU = Release|Any CPU
	EndGlobalSection
	GlobalSection(ProjectConfigurationPlatforms) = postSolution
		{ADB96C2B-7F64-4059-8DC9-C53B173FBCDE}.Debug|Any CPU.ActiveCfg = Debug|Any CPU
		{ADB96C2B-7F64-4059-8DC9-C53B173FBCDE}.Debug|Any CPU.Build.0 = Debug|Any CPU
		{ADB96C2B-7F64-4059-8DC9-C53B173FBCDE}.Release|Any CPU.ActiveCfg = Release|Any CPU
		{ADB96C2B-7F64-4059-8DC9-C53B173FBCDE}.Release|Any CPU.Build.0 = Release|Any CPU
		{6A9A5C72-8694-4E11-B164-59DD06539C11}.Debug|Any CPU.ActiveCfg = Debug|Any CPU
		{6A9A5C72-8694-4E11-B164-59DD06539C11}.Debug|Any CPU.Build.0 = Debug|Any CPU
		{6A9A5C72-8694-4E11-B164-59DD06539C11}.Release|Any CPU.ActiveCfg = Release|Any CPU
		{6A9A5C72-8694-4E11-B164-59DD06539C11}.Release|Any CPU.Build.0 = Release|Any CPU
	EndGlobalSection
EndGlobal
